<?xml version="1.0" encoding="utf-8"?>
<Project ToolsVersion="4.0" xmlns="http://schemas.microsoft.com/developer/msbuild/2003">
  <ItemGroup>
    <Filter Include="ソース ファイル">
      <UniqueIdentifier>{4FC737F1-C7A5-4376-A066-2A32D752A2FF}</UniqueIdentifier>
      <Extensions>cpp;c;cc;cxx;def;odl;idl;hpj;bat;asm;asmx</Extensions>
    </Filter>
    <Filter Include="ヘッダー ファイル">
      <UniqueIdentifier>{93995380-89BD-4b04-88EB-625FBE52EBFB}</UniqueIdentifier>
      <Extensions>h;hh;hpp;hxx;hm;inl;inc;xsd</Extensions>
    </Filter>
    <Filter Include="リソース ファイル">
      <UniqueIdentifier>{67DA6AB6-F800-4c08-8B7A-83BB121AAD01}</UniqueIdentifier>
      <Extensions>rc;ico;cur;bmp;dlg;rc2;rct;bin;rgs;gif;jpg;jpeg;jpe;resx;tiff;tif;png;wav;mfcribbon-ms</Extensions>
    </Filter>
  </ItemGroup>
  <ItemGroup>
    <ClCompile Include="main.cpp">
      <Filter>ソース ファイル</Filter>
    </ClCompile>
    <ClCompile Include="manager.cpp">
      <Filter>ソース ファイル</Filter>
    </ClCompile>
    <ClCompile Include="renderer.cpp">
      <Filter>ソース ファイル</Filter>
    </ClCompile>
    <ClCompile Include="scene.cpp">
      <Filter>ソース ファイル</Filter>
    </ClCompile>
    <ClCompile Include="scene2D.cpp">
      <Filter>ソース ファイル</Filter>
    </ClCompile>
    <ClCompile Include="ui.cpp">
      <Filter>ソース ファイル</Filter>
    </ClCompile>
    <ClCompile Include="texture.cpp">
      <Filter>ソース ファイル</Filter>
    </ClCompile>
    <ClCompile Include="game.cpp">
      <Filter>ソース ファイル</Filter>
    </ClCompile>
    <ClCompile Include="scene3D.cpp">
      <Filter>ソース ファイル</Filter>
    </ClCompile>
    <ClCompile Include="camera.cpp">
      <Filter>ソース ファイル</Filter>
    </ClCompile>
    <ClCompile Include="light.cpp">
      <Filter>ソース ファイル</Filter>
    </ClCompile>
    <ClCompile Include="billboard.cpp">
      <Filter>ソース ファイル</Filter>
    </ClCompile>
    <ClCompile Include="fade.cpp">
      <Filter>ソース ファイル</Filter>
    </ClCompile>
    <ClCompile Include="model.cpp">
      <Filter>ソース ファイル</Filter>
    </ClCompile>
    <ClCompile Include="model_single.cpp">
      <Filter>ソース ファイル</Filter>
    </ClCompile>
    <ClCompile Include="model_load.cpp">
      <Filter>ソース ファイル</Filter>
    </ClCompile>
    <ClCompile Include="player.cpp">
      <Filter>ソース ファイル</Filter>
    </ClCompile>
    <ClCompile Include="motion_player.cpp">
      <Filter>ソース ファイル</Filter>
    </ClCompile>
    <ClCompile Include="sound..cpp">
      <Filter>ソース ファイル</Filter>
    </ClCompile>
    <ClCompile Include="input.cpp">
      <Filter>ソース ファイル</Filter>
    </ClCompile>
    <ClCompile Include="input_keyboard.cpp">
      <Filter>ソース ファイル</Filter>
    </ClCompile>
    <ClCompile Include="input_pad.cpp">
      <Filter>ソース ファイル</Filter>
    </ClCompile>
    <ClCompile Include="mesh_field.cpp">
      <Filter>ソース ファイル</Filter>
    </ClCompile>
    <ClCompile Include="mesh_sphere.cpp">
      <Filter>ソース ファイル</Filter>
    </ClCompile>
    <ClCompile Include="result.cpp">
      <Filter>ソース ファイル</Filter>
    </ClCompile>
    <ClCompile Include="billboard_effect.cpp">
      <Filter>ソース ファイル</Filter>
    </ClCompile>
    <ClCompile Include="control.cpp">
      <Filter>ソース ファイル</Filter>
    </ClCompile>
    <ClCompile Include="control_player.cpp">
      <Filter>ソース ファイル</Filter>
    </ClCompile>
    <ClCompile Include="menu.cpp">
      <Filter>ソース ファイル</Filter>
    </ClCompile>
    <ClCompile Include="ranking.cpp">
      <Filter>ソース ファイル</Filter>
    </ClCompile>
    <ClCompile Include="tutorial.cpp">
      <Filter>ソース ファイル</Filter>
    </ClCompile>
    <ClCompile Include="title.cpp">
      <Filter>ソース ファイル</Filter>
    </ClCompile>
    <ClCompile Include="pvp.cpp">
      <Filter>ソース ファイル</Filter>
    </ClCompile>
    <ClCompile Include="control_ui_title_enter.cpp">
      <Filter>ソース ファイル</Filter>
    </ClCompile>
    <ClCompile Include="mesh_cylinder.cpp">
      <Filter>ソース ファイル</Filter>
    </ClCompile>
    <ClCompile Include="mesh_wall.cpp">
      <Filter>ソース ファイル</Filter>
    </ClCompile>
    <ClCompile Include="score.cpp">
      <Filter>ソース ファイル</Filter>
    </ClCompile>
    <ClCompile Include="number.cpp">
      <Filter>ソース ファイル</Filter>
    </ClCompile>
    <ClCompile Include="score_board.cpp">
      <Filter>ソース ファイル</Filter>
    </ClCompile>
    <ClCompile Include="number3D.cpp">
      <Filter>ソース ファイル</Filter>
    </ClCompile>
    <ClCompile Include="pause.cpp">
      <Filter>ソース ファイル</Filter>
    </ClCompile>
    <ClCompile Include="shadow.cpp">
      <Filter>ソース ファイル</Filter>
    </ClCompile>
    <ClCompile Include="jump_guide.cpp">
      <Filter>ソース ファイル</Filter>
    </ClCompile>
    <ClCompile Include="control_ui_game_countdown.cpp">
      <Filter>ソース ファイル</Filter>
    </ClCompile>
    <ClCompile Include="tutorial_guide.cpp">
      <Filter>ソース ファイル</Filter>
    </ClCompile>
    <ClCompile Include="particle.cpp">
      <Filter>ソース ファイル</Filter>
    </ClCompile>
    <ClCompile Include="particle_circle.cpp">
      <Filter>ソース ファイル</Filter>
    </ClCompile>
    <ClCompile Include="billboard_smoke.cpp">
      <Filter>ソース ファイル</Filter>
    </ClCompile>
    <ClCompile Include="particle_wind.cpp">
      <Filter>ソース ファイル</Filter>
    </ClCompile>
    <ClCompile Include="effect2D.cpp">
      <Filter>ソース ファイル</Filter>
    </ClCompile>
    <ClCompile Include="soundtest.cpp">
      <Filter>ソース ファイル</Filter>
    </ClCompile>
    <ClCompile Include="sound_number.cpp">
      <Filter>ソース ファイル</Filter>
    </ClCompile>
    <ClCompile Include="turorial_pause.cpp">
      <Filter>ソース ファイル</Filter>
    </ClCompile>
    <ClCompile Include="game_object.cpp">
      <Filter>ソース ファイル</Filter>
    </ClCompile>
    <ClCompile Include="billboard_moon.cpp">
      <Filter>ソース ファイル</Filter>
    </ClCompile>
    <ClCompile Include="game_signboard.cpp">
      <Filter>ソース ファイル</Filter>
    </ClCompile>
  </ItemGroup>
  <ItemGroup>
    <ClInclude Include="main.h">
      <Filter>ヘッダー ファイル</Filter>
    </ClInclude>
    <ClInclude Include="manager.h">
      <Filter>ヘッダー ファイル</Filter>
    </ClInclude>
    <ClInclude Include="renderer.h">
      <Filter>ヘッダー ファイル</Filter>
    </ClInclude>
    <ClInclude Include="scene.h">
      <Filter>ヘッダー ファイル</Filter>
    </ClInclude>
    <ClInclude Include="scene2D.h">
      <Filter>ヘッダー ファイル</Filter>
    </ClInclude>
    <ClInclude Include="ui.h">
      <Filter>ヘッダー ファイル</Filter>
    </ClInclude>
    <ClInclude Include="texture.h">
      <Filter>ヘッダー ファイル</Filter>
    </ClInclude>
    <ClInclude Include="game.h">
      <Filter>ヘッダー ファイル</Filter>
    </ClInclude>
    <ClInclude Include="scene3D.h">
      <Filter>ヘッダー ファイル</Filter>
    </ClInclude>
    <ClInclude Include="camera.h">
      <Filter>ヘッダー ファイル</Filter>
    </ClInclude>
    <ClInclude Include="light.h">
      <Filter>ヘッダー ファイル</Filter>
    </ClInclude>
    <ClInclude Include="billboard.h">
      <Filter>ヘッダー ファイル</Filter>
    </ClInclude>
    <ClInclude Include="fade.h">
      <Filter>ヘッダー ファイル</Filter>
    </ClInclude>
    <ClInclude Include="model.h">
      <Filter>ヘッダー ファイル</Filter>
    </ClInclude>
    <ClInclude Include="model_single.h">
      <Filter>ヘッダー ファイル</Filter>
    </ClInclude>
    <ClInclude Include="model_load.h">
      <Filter>ヘッダー ファイル</Filter>
    </ClInclude>
    <ClInclude Include="player.h">
      <Filter>ヘッダー ファイル</Filter>
    </ClInclude>
    <ClInclude Include="motion_player.h">
      <Filter>ヘッダー ファイル</Filter>
    </ClInclude>
    <ClInclude Include="sound.h">
      <Filter>ヘッダー ファイル</Filter>
    </ClInclude>
    <ClInclude Include="input.h">
      <Filter>ヘッダー ファイル</Filter>
    </ClInclude>
    <ClInclude Include="input_keyboard.h">
      <Filter>ヘッダー ファイル</Filter>
    </ClInclude>
    <ClInclude Include="input_pad.h">
      <Filter>ヘッダー ファイル</Filter>
    </ClInclude>
    <ClInclude Include="mesh_field.h">
      <Filter>ヘッダー ファイル</Filter>
    </ClInclude>
    <ClInclude Include="mesh_sphere.h">
      <Filter>ヘッダー ファイル</Filter>
    </ClInclude>
    <ClInclude Include="title.h">
      <Filter>ヘッダー ファイル</Filter>
    </ClInclude>
    <ClInclude Include="billboard_effect.h">
      <Filter>ヘッダー ファイル</Filter>
    </ClInclude>
    <ClInclude Include="control.h">
      <Filter>ヘッダー ファイル</Filter>
    </ClInclude>
    <ClInclude Include="control_player.h">
      <Filter>ヘッダー ファイル</Filter>
    </ClInclude>
    <ClInclude Include="result.h">
      <Filter>ヘッダー ファイル</Filter>
    </ClInclude>
    <ClInclude Include="mesh_cylinder.h">
      <Filter>ヘッダー ファイル</Filter>
    </ClInclude>
    <ClInclude Include="menu.h">
      <Filter>ヘッダー ファイル</Filter>
    </ClInclude>
    <ClInclude Include="ranking.h">
      <Filter>ヘッダー ファイル</Filter>
    </ClInclude>
    <ClInclude Include="tutorial.h">
      <Filter>ヘッダー ファイル</Filter>
    </ClInclude>
    <ClInclude Include="pvp.h">
      <Filter>ヘッダー ファイル</Filter>
    </ClInclude>
    <ClInclude Include="control_ui_title_enter.h">
      <Filter>ヘッダー ファイル</Filter>
    </ClInclude>
    <ClInclude Include="mesh_wall.h">
      <Filter>ヘッダー ファイル</Filter>
    </ClInclude>
    <ClInclude Include="score.h">
      <Filter>ヘッダー ファイル</Filter>
    </ClInclude>
    <ClInclude Include="number.h">
      <Filter>ヘッダー ファイル</Filter>
    </ClInclude>
    <ClInclude Include="score_board.h">
      <Filter>ヘッダー ファイル</Filter>
    </ClInclude>
    <ClInclude Include="number3D.h">
      <Filter>ヘッダー ファイル</Filter>
    </ClInclude>
    <ClInclude Include="pause.h">
      <Filter>ヘッダー ファイル</Filter>
    </ClInclude>
    <ClInclude Include="shadow.h">
      <Filter>ヘッダー ファイル</Filter>
    </ClInclude>
    <ClInclude Include="jump_guide.h">
      <Filter>ヘッダー ファイル</Filter>
    </ClInclude>
    <ClInclude Include="control_ui_game_countdown.h">
      <Filter>ヘッダー ファイル</Filter>
    </ClInclude>
    <ClInclude Include="tutorial_guide.h">
      <Filter>ヘッダー ファイル</Filter>
    </ClInclude>
    <ClInclude Include="particle.h">
      <Filter>ヘッダー ファイル</Filter>
    </ClInclude>
    <ClInclude Include="particle_circle.h">
      <Filter>ヘッダー ファイル</Filter>
    </ClInclude>
    <ClInclude Include="billboard_smoke.h">
      <Filter>ヘッダー ファイル</Filter>
    </ClInclude>
    <ClInclude Include="particle_wind.h">
      <Filter>ヘッダー ファイル</Filter>
    </ClInclude>
    <ClInclude Include="effect2D.h">
      <Filter>ヘッダー ファイル</Filter>
    </ClInclude>
    <ClInclude Include="soundtest.h">
      <Filter>ヘッダー ファイル</Filter>
    </ClInclude>
    <ClInclude Include="sound_number.h">
      <Filter>ヘッダー ファイル</Filter>
    </ClInclude>
    <ClInclude Include="tutorial_pause.h">
      <Filter>ヘッダー ファイル</Filter>
    </ClInclude>
    <ClInclude Include="game_object.h">
      <Filter>ヘッダー ファイル</Filter>
    </ClInclude>
    <ClInclude Include="billboard_moon.h">
      <Filter>ヘッダー ファイル</Filter>
    </ClInclude>
    <ClInclude Include="game_signboard.h">
      <Filter>ヘッダー ファイル</Filter>
    </ClInclude>
  </ItemGroup>
</Project>